
Microsoft Visual Studio Solution File, Format Version 12.00
# Visual Studio Version 16
VisualStudioVersion = 16.0.30104.148
MinimumVisualStudioVersion = 10.0.40219.1
Project("{FAE04EC0-301F-11D3-BF4B-00C04F79EFBC}") = "TrashCollection", "TrashCollection\TrashCollection.csproj", "{166250EC-69A9-41D6-AA3F-5DEBC3D3BE3B}"
EndProject
Global
	GlobalSection(SolutionConfigurationPlatforms) = preSolution
		Debug|Any CPU = Debug|Any CPU
		Release|Any CPU = Release|Any CPU
	EndGlobalSection
	GlobalSection(ProjectConfigurationPlatforms) = postSolution
		{166250EC-69A9-41D6-AA3F-5DEBC3D3BE3B}.Debug|Any CPU.ActiveCfg = Debug|Any CPU
		{166250EC-69A9-41D6-AA3F-5DEBC3D3BE3B}.Debug|Any CPU.Build.0 = Debug|Any CPU
		{166250EC-69A9-41D6-AA3F-5DEBC3D3BE3B}.Release|Any CPU.ActiveCfg = Release|Any CPU
		{166250EC-69A9-41D6-AA3F-5DEBC3D3BE3B}.Release|Any CPU.Build.0 = Release|Any CPU
	EndGlobalSection
	GlobalSection(SolutionProperties) = preSolution
		HideSolutionNode = FALSE
	EndGlobalSection
	GlobalSection(ExtensibilityGlobals) = postSolution
		SolutionGuid = {10C435C1-7FF1-4A92-B1F4-0C89429A68DB}
	EndGlobalSection
EndGlobal
